
Microsoft Visual Studio Solution File, Format Version 12.00
# Visual Studio Version 16
VisualStudioVersion = 16.0.30503.244
MinimumVisualStudioVersion = 10.0.40219.1
Project("{FAE04EC0-301F-11D3-BF4B-00C04F79EFBC}") = "Calculator", "Calculator\Calculator.csproj", "{E8D96230-D22C-4999-917D-327D50BFF9DD}"
EndProject
Global
	GlobalSection(SolutionConfigurationPlatforms) = preSolution
		Debug|Any CPU = Debug|Any CPU
		Release|Any CPU = Release|Any CPU
	EndGlobalSection
	GlobalSection(ProjectConfigurationPlatforms) = postSolution
		{E8D96230-D22C-4999-917D-327D50BFF9DD}.Debug|Any CPU.ActiveCfg = Debug|Any CPU
		{E8D96230-D22C-4999-917D-327D50BFF9DD}.Debug|Any CPU.Build.0 = Debug|Any CPU
		{E8D96230-D22C-4999-917D-327D50BFF9DD}.Release|Any CPU.ActiveCfg = Release|Any CPU
		{E8D96230-D22C-4999-917D-327D50BFF9DD}.Release|Any CPU.Build.0 = Release|Any CPU
	EndGlobalSection
	GlobalSection(SolutionProperties) = preSolution
		HideSolutionNode = FALSE
	EndGlobalSection
	GlobalSection(ExtensibilityGlobals) = postSolution
		SolutionGuid = {0643473F-49CB-458F-A6BA-5DC626E35C20}
	EndGlobalSection
EndGlobal
